
Microsoft Visual Studio Solution File, Format Version 12.00
# Visual Studio 15
VisualStudioVersion = 15.0.27703.2000
MinimumVisualStudioVersion = 10.0.40219.1
Project("{8BC9CEB8-8B4A-11D0-8D11-00A0C91BC942}") = "ode", "ode\ode.vcxproj", "{28B010B9-86E0-45D4-84C2-DFDECBFB1E34}"
EndProject
Global
	GlobalSection(SolutionConfigurationPlatforms) = preSolution
		Debug|x64 = Debug|x64
		Debug|x86 = Debug|x86
		Release|x64 = Release|x64
		Release|x86 = Release|x86
	EndGlobalSection
	GlobalSection(ProjectConfigurationPlatforms) = postSolution
		{28B010B9-86E0-45D4-84C2-DFDECBFB1E34}.Debug|x64.ActiveCfg = Debug|x64
		{28B010B9-86E0-45D4-84C2-DFDECBFB1E34}.Debug|x64.Build.0 = Debug|x64
		{28B010B9-86E0-45D4-84C2-DFDECBFB1E34}.Debug|x86.ActiveCfg = Debug|Win32
		{28B010B9-86E0-45D4-84C2-DFDECBFB1E34}.Debug|x86.Build.0 = Debug|Win32
		{28B010B9-86E0-45D4-84C2-DFDECBFB1E34}.Release|x64.ActiveCfg = Release|x64
		{28B010B9-86E0-45D4-84C2-DFDECBFB1E34}.Release|x64.Build.0 = Release|x64
		{28B010B9-86E0-45D4-84C2-DFDECBFB1E34}.Release|x86.ActiveCfg = Release|Win32
		{28B010B9-86E0-45D4-84C2-DFDECBFB1E34}.Release|x86.Build.0 = Release|Win32
	EndGlobalSection
	GlobalSection(SolutionProperties) = preSolution
		HideSolutionNode = FALSE
	EndGlobalSection
	GlobalSection(ExtensibilityGlobals) = postSolution
		SolutionGuid = {607E3B75-C0AB-444D-BCDE-677429CB62DC}
	EndGlobalSection
EndGlobal
